
Microsoft Visual Studio Solution File, Format Version 12.00
# Visual Studio 14
VisualStudioVersion = 14.0.25420.1
MinimumVisualStudioVersion = 10.0.40219.1
Project("{8BC9CEB8-8B4A-11D0-8D11-00A0C91BC942}") = "ObservePattern", "ObservePattern\ObservePattern.vcxproj", "{4D92012F-297C-418A-B04F-BEE2E6964B83}"
EndProject
Project("{8BC9CEB8-8B4A-11D0-8D11-00A0C91BC942}") = "DecoratorPattern", "DecoratorPattern\DecoratorPattern.vcxproj", "{ACBD72F8-9399-4D18-82DF-8471E65E5384}"
EndProject
Project("{8BC9CEB8-8B4A-11D0-8D11-00A0C91BC942}") = "CommandPattern", "CommandPattern\CommandPattern.vcxproj", "{3BF35322-4C63-4F20-9116-D411323693AF}"
EndProject
Project("{8BC9CEB8-8B4A-11D0-8D11-00A0C91BC942}") = "AdapterPattern", "AdapterPattern\AdapterPattern.vcxproj", "{A3695EB8-AA69-4A93-859D-5B7FDEFACE86}"
EndProject
Project("{8BC9CEB8-8B4A-11D0-8D11-00A0C91BC942}") = "FacadePattern", "FacadePattern\FacadePattern.vcxproj", "{BDFF2818-CB70-4816-B94E-070E807E17D3}"
EndProject
Project("{8BC9CEB8-8B4A-11D0-8D11-00A0C91BC942}") = "ProxyPattern", "ProxyPattern\ProxyPattern.vcxproj", "{9097670C-0712-4E07-A4FB-C17B18B1ABF3}"
EndProject
Project("{8BC9CEB8-8B4A-11D0-8D11-00A0C91BC942}") = "BridgePattern", "BridgePattern\BridgePattern.vcxproj", "{8DBB6311-C230-4903-BB1F-3B9013D03619}"
EndProject
Project("{8BC9CEB8-8B4A-11D0-8D11-00A0C91BC942}") = "StatePattern", "StatePattern\StatePattern.vcxproj", "{ED547798-8773-4D06-853B-89641118FB33}"
EndProject
Project("{8BC9CEB8-8B4A-11D0-8D11-00A0C91BC942}") = "SingletonPattern", "SingletonPattern\SingletonPattern.vcxproj", "{E8E73CF1-D506-4A9D-9613-09A24AC96B97}"
EndProject
Global
	GlobalSection(SolutionConfigurationPlatforms) = preSolution
		Debug|x64 = Debug|x64
		Debug|x86 = Debug|x86
		Release|x64 = Release|x64
		Release|x86 = Release|x86
	EndGlobalSection
	GlobalSection(ProjectConfigurationPlatforms) = postSolution
		{4D92012F-297C-418A-B04F-BEE2E6964B83}.Debug|x64.ActiveCfg = Debug|x64
		{4D92012F-297C-418A-B04F-BEE2E6964B83}.Debug|x64.Build.0 = Debug|x64
		{4D92012F-297C-418A-B04F-BEE2E6964B83}.Debug|x86.ActiveCfg = Debug|Win32
		{4D92012F-297C-418A-B04F-BEE2E6964B83}.Debug|x86.Build.0 = Debug|Win32
		{4D92012F-297C-418A-B04F-BEE2E6964B83}.Release|x64.ActiveCfg = Release|x64
		{4D92012F-297C-418A-B04F-BEE2E6964B83}.Release|x64.Build.0 = Release|x64
		{4D92012F-297C-418A-B04F-BEE2E6964B83}.Release|x86.ActiveCfg = Release|Win32
		{4D92012F-297C-418A-B04F-BEE2E6964B83}.Release|x86.Build.0 = Release|Win32
		{ACBD72F8-9399-4D18-82DF-8471E65E5384}.Debug|x64.ActiveCfg = Debug|x64
		{ACBD72F8-9399-4D18-82DF-8471E65E5384}.Debug|x64.Build.0 = Debug|x64
		{ACBD72F8-9399-4D18-82DF-8471E65E5384}.Debug|x86.ActiveCfg = Debug|Win32
		{ACBD72F8-9399-4D18-82DF-8471E65E5384}.Debug|x86.Build.0 = Debug|Win32
		{ACBD72F8-9399-4D18-82DF-8471E65E5384}.Release|x64.ActiveCfg = Release|x64
		{ACBD72F8-9399-4D18-82DF-8471E65E5384}.Release|x64.Build.0 = Release|x64
		{ACBD72F8-9399-4D18-82DF-8471E65E5384}.Release|x86.ActiveCfg = Release|Win32
		{ACBD72F8-9399-4D18-82DF-8471E65E5384}.Release|x86.Build.0 = Release|Win32
		{3BF35322-4C63-4F20-9116-D411323693AF}.Debug|x64.ActiveCfg = Debug|x64
		{3BF35322-4C63-4F20-9116-D411323693AF}.Debug|x64.Build.0 = Debug|x64
		{3BF35322-4C63-4F20-9116-D411323693AF}.Debug|x86.ActiveCfg = Debug|Win32
		{3BF35322-4C63-4F20-9116-D411323693AF}.Debug|x86.Build.0 = Debug|Win32
		{3BF35322-4C63-4F20-9116-D411323693AF}.Release|x64.ActiveCfg = Release|x64
		{3BF35322-4C63-4F20-9116-D411323693AF}.Release|x64.Build.0 = Release|x64
		{3BF35322-4C63-4F20-9116-D411323693AF}.Release|x86.ActiveCfg = Release|Win32
		{3BF35322-4C63-4F20-9116-D411323693AF}.Release|x86.Build.0 = Release|Win32
		{A3695EB8-AA69-4A93-859D-5B7FDEFACE86}.Debug|x64.ActiveCfg = Debug|x64
		{A3695EB8-AA69-4A93-859D-5B7FDEFACE86}.Debug|x64.Build.0 = Debug|x64
		{A3695EB8-AA69-4A93-859D-5B7FDEFACE86}.Debug|x86.ActiveCfg = Debug|Win32
		{A3695EB8-AA69-4A93-859D-5B7FDEFACE86}.Debug|x86.Build.0 = Debug|Win32
		{A3695EB8-AA69-4A93-859D-5B7FDEFACE86}.Release|x64.ActiveCfg = Release|x64
		{A3695EB8-AA69-4A93-859D-5B7FDEFACE86}.Release|x64.Build.0 = Release|x64
		{A3695EB8-AA69-4A93-859D-5B7FDEFACE86}.Release|x86.ActiveCfg = Release|Win32
		{A3695EB8-AA69-4A93-859D-5B7FDEFACE86}.Release|x86.Build.0 = Release|Win32
		{BDFF2818-CB70-4816-B94E-070E807E17D3}.Debug|x64.ActiveCfg = Debug|x64
		{BDFF2818-CB70-4816-B94E-070E807E17D3}.Debug|x64.Build.0 = Debug|x64
		{BDFF2818-CB70-4816-B94E-070E807E17D3}.Debug|x86.ActiveCfg = Debug|Win32
		{BDFF2818-CB70-4816-B94E-070E807E17D3}.Debug|x86.Build.0 = Debug|Win32
		{BDFF2818-CB70-4816-B94E-070E807E17D3}.Release|x64.ActiveCfg = Release|x64
		{BDFF2818-CB70-4816-B94E-070E807E17D3}.Release|x64.Build.0 = Release|x64
		{BDFF2818-CB70-4816-B94E-070E807E17D3}.Release|x86.ActiveCfg = Release|Win32
		{BDFF2818-CB70-4816-B94E-070E807E17D3}.Release|x86.Build.0 = Release|Win32
		{9097670C-0712-4E07-A4FB-C17B18B1ABF3}.Debug|x64.ActiveCfg = Debug|x64
		{9097670C-0712-4E07-A4FB-C17B18B1ABF3}.Debug|x64.Build.0 = Debug|x64
		{9097670C-0712-4E07-A4FB-C17B18B1ABF3}.Debug|x86.ActiveCfg = Debug|Win32
		{9097670C-0712-4E07-A4FB-C17B18B1ABF3}.Debug|x86.Build.0 = Debug|Win32
		{9097670C-0712-4E07-A4FB-C17B18B1ABF3}.Release|x64.ActiveCfg = Release|x64
		{9097670C-0712-4E07-A4FB-C17B18B1ABF3}.Release|x64.Build.0 = Release|x64
		{9097670C-0712-4E07-A4FB-C17B18B1ABF3}.Release|x86.ActiveCfg = Release|Win32
		{9097670C-0712-4E07-A4FB-C17B18B1ABF3}.Release|x86.Build.0 = Release|Win32
		{8DBB6311-C230-4903-BB1F-3B9013D03619}.Debug|x64.ActiveCfg = Debug|x64
		{8DBB6311-C230-4903-BB1F-3B9013D03619}.Debug|x64.Build.0 = Debug|x64
		{8DBB6311-C230-4903-BB1F-3B9013D03619}.Debug|x86.ActiveCfg = Debug|Win32
		{8DBB6311-C230-4903-BB1F-3B9013D03619}.Debug|x86.Build.0 = Debug|Win32
		{8DBB6311-C230-4903-BB1F-3B9013D03619}.Release|x64.ActiveCfg = Release|x64
		{8DBB6311-C230-4903-BB1F-3B9013D03619}.Release|x64.Build.0 = Release|x64
		{8DBB6311-C230-4903-BB1F-3B9013D03619}.Release|x86.ActiveCfg = Release|Win32
		{8DBB6311-C230-4903-BB1F-3B9013D03619}.Release|x86.Build.0 = Release|Win32
		{ED547798-8773-4D06-853B-89641118FB33}.Debug|x64.ActiveCfg = Debug|x64
		{ED547798-8773-4D06-853B-89641118FB33}.Debug|x64.Build.0 = Debug|x64
		{ED547798-8773-4D06-853B-89641118FB33}.Debug|x86.ActiveCfg = Debug|Win32
		{ED547798-8773-4D06-853B-89641118FB33}.Debug|x86.Build.0 = Debug|Win32
		{ED547798-8773-4D06-853B-89641118FB33}.Release|x64.ActiveCfg = Release|x64
		{ED547798-8773-4D06-853B-89641118FB33}.Release|x64.Build.0 = Release|x64
		{ED547798-8773-4D06-853B-89641118FB33}.Release|x86.ActiveCfg = Release|Win32
		{ED547798-8773-4D06-853B-89641118FB33}.Release|x86.Build.0 = Release|Win32
		{E8E73CF1-D506-4A9D-9613-09A24AC96B97}.Debug|x64.ActiveCfg = Debug|x64
		{E8E73CF1-D506-4A9D-9613-09A24AC96B97}.Debug|x64.Build.0 = Debug|x64
		{E8E73CF1-D506-4A9D-9613-09A24AC96B97}.Debug|x86.ActiveCfg = Debug|Win32
		{E8E73CF1-D506-4A9D-9613-09A24AC96B97}.Debug|x86.Build.0 = Debug|Win32
		{E8E73CF1-D506-4A9D-9613-09A24AC96B97}.Release|x64.ActiveCfg = Release|x64
		{E8E73CF1-D506-4A9D-9613-09A24AC96B97}.Release|x64.Build.0 = Release|x64
		{E8E73CF1-D506-4A9D-9613-09A24AC96B97}.Release|x86.ActiveCfg = Release|Win32
		{E8E73CF1-D506-4A9D-9613-09A24AC96B97}.Release|x86.Build.0 = Release|Win32
	EndGlobalSection
	GlobalSection(SolutionProperties) = preSolution
		HideSolutionNode = FALSE
	EndGlobalSection
EndGlobal
